Microsoft Visual Studio Solution File, Format Version 12.00
# Visual Studio Version 17
VisualStudioVersion = 17.5.2.0
MinimumVisualStudioVersion = 10.0.40219.1
Project("{FAE04EC0-301F-11D3-BF4B-00C04F79EFBC}") = "AuthSegura", "AuthSegura.csproj", "{EE359BFF-99E6-142C-C28F-354CFD9E0BA4}"
EndProject
Global
	GlobalSection(SolutionConfigurationPlatforms) = preSolution
		Debug|Any CPU = Debug|Any CPU
		Release|Any CPU = Release|Any CPU
	EndGlobalSection
	GlobalSection(ProjectConfigurationPlatforms) = postSolution
		{EE359BFF-99E6-142C-C28F-354CFD9E0BA4}.Debug|Any CPU.ActiveCfg = Debug|Any CPU
		{EE359BFF-99E6-142C-C28F-354CFD9E0BA4}.Debug|Any CPU.Build.0 = Debug|Any CPU
		{EE359BFF-99E6-142C-C28F-354CFD9E0BA4}.Release|Any CPU.ActiveCfg = Release|Any CPU
		{EE359BFF-99E6-142C-C28F-354CFD9E0BA4}.Release|Any CPU.Build.0 = Release|Any CPU
	EndGlobalSection
	GlobalSection(SolutionProperties) = preSolution
		HideSolutionNode = FALSE
	EndGlobalSection
	GlobalSection(ExtensibilityGlobals) = postSolution
		SolutionGuid = {43000CB7-A413-4FAB-8E6B-B7CAFA032843}
	EndGlobalSection
EndGlobal
